<?xml version="1.0" encoding="utf-8"?>
<Project ToolsVersion="4.0" xmlns="http://schemas.microsoft.com/developer/msbuild/2003">
  <ItemGroup>
    <Filter Include="Source Files">
      <UniqueIdentifier>{4FC737F1-C7A5-4376-A066-2A32D752A2FF}</UniqueIdentifier>
      <Extensions>cpp;c;cc;cxx;c++;cppm;ixx;def;odl;idl;hpj;bat;asm;asmx</Extensions>
    </Filter>
    <Filter Include="VirtuallClasses">
      <UniqueIdentifier>{526cf43a-7a65-481e-8340-e66fb71ac15e}</UniqueIdentifier>
    </Filter>
    <Filter Include="VirtuallClasses\GraphicalObject">
      <UniqueIdentifier>{f6dfe2b3-5da3-4e75-9ef7-8576e9e5267c}</UniqueIdentifier>
    </Filter>
    <Filter Include="VirtuallClasses\Window">
      <UniqueIdentifier>{8d9f5710-e1ac-494b-a470-398a993b12ce}</UniqueIdentifier>
    </Filter>
    <Filter Include="Objects">
      <UniqueIdentifier>{e2c5b593-90b4-466e-85d2-f19b223ad9c5}</UniqueIdentifier>
    </Filter>
    <Filter Include="Objects\Button">
      <UniqueIdentifier>{8b2a61c8-0a8e-49e8-b88f-9dc2d9d07375}</UniqueIdentifier>
    </Filter>
    <Filter Include="Windows">
      <UniqueIdentifier>{b593a2e5-213b-494c-ab5c-6406cdc88dd0}</UniqueIdentifier>
    </Filter>
    <Filter Include="Windows\TitleWindow">
      <UniqueIdentifier>{f5b43024-124a-4889-bd7d-ac45626e8505}</UniqueIdentifier>
    </Filter>
    <Filter Include="Windows\CoinflipGame">
      <UniqueIdentifier>{86ad236e-3680-463a-9038-22f9a4da83ed}</UniqueIdentifier>
    </Filter>
    <Filter Include="Windows\RouletteGame">
      <UniqueIdentifier>{036839f8-ae38-4461-935e-f87d7be64118}</UniqueIdentifier>
    </Filter>
    <Filter Include="Objects\SelectedButton">
      <UniqueIdentifier>{8af02917-d373-4670-939a-7d763225ed09}</UniqueIdentifier>
    </Filter>
    <Filter Include="Objects\Text">
      <UniqueIdentifier>{1f73cb85-f561-4ef0-99ae-68bf085b3283}</UniqueIdentifier>
    </Filter>
    <Filter Include="Windows\RouletteGame\BoardForBets">
      <UniqueIdentifier>{f89b0721-c27e-45dc-8138-21ae99ab2bc8}</UniqueIdentifier>
    </Filter>
    <Filter Include="Windows\EndGameScreen">
      <UniqueIdentifier>{f0f5a95d-db20-4fec-86c2-f54db940f831}</UniqueIdentifier>
    </Filter>
    <Filter Include="Windows\TableScores">
      <UniqueIdentifier>{8535d81e-09c2-4b03-bd30-2cfa15995e89}</UniqueIdentifier>
    </Filter>
  </ItemGroup>
  <ItemGroup>
    <ClCompile Include="Casino_SFML.cpp">
      <Filter>Source Files</Filter>
    </ClCompile>
    <ClCompile Include="Button.cpp">
      <Filter>Objects\Button</Filter>
    </ClCompile>
    <ClCompile Include="TitleWindow.cpp">
      <Filter>Windows\TitleWindow</Filter>
    </ClCompile>
    <ClCompile Include="CoinflipGame.cpp">
      <Filter>Windows\CoinflipGame</Filter>
    </ClCompile>
    <ClCompile Include="RouletteGame.cpp">
      <Filter>Windows\RouletteGame</Filter>
    </ClCompile>
    <ClCompile Include="SelectedButton.cpp">
      <Filter>Objects\SelectedButton</Filter>
    </ClCompile>
    <ClCompile Include="Text.cpp">
      <Filter>Objects\Text</Filter>
    </ClCompile>
    <ClCompile Include="BoardsForBets.cpp">
      <Filter>Windows\RouletteGame\BoardForBets</Filter>
    </ClCompile>
    <ClCompile Include="EndGameScreen.cpp">
      <Filter>Windows\EndGameScreen</Filter>
    </ClCompile>
    <ClCompile Include="TableScores.cpp">
      <Filter>Windows\TableScores</Filter>
    </ClCompile>
  </ItemGroup>
  <ItemGroup>
    <ClInclude Include="GraphicalObject.h">
      <Filter>VirtuallClasses\GraphicalObject</Filter>
    </ClInclude>
    <ClInclude Include="Window.h">
      <Filter>VirtuallClasses\Window</Filter>
    </ClInclude>
    <ClInclude Include="Button.h">
      <Filter>Objects\Button</Filter>
    </ClInclude>
    <ClInclude Include="TitleWindow.h">
      <Filter>Windows\TitleWindow</Filter>
    </ClInclude>
    <ClInclude Include="CoinflipGame.h">
      <Filter>Windows\CoinflipGame</Filter>
    </ClInclude>
    <ClInclude Include="RouletteGame.h">
      <Filter>Windows\RouletteGame</Filter>
    </ClInclude>
    <ClInclude Include="SelectedButton.h">
      <Filter>Objects\SelectedButton</Filter>
    </ClInclude>
    <ClInclude Include="Text.h">
      <Filter>Objects\Text</Filter>
    </ClInclude>
    <ClInclude Include="BoardsForBets.h">
      <Filter>Windows\RouletteGame\BoardForBets</Filter>
    </ClInclude>
    <ClInclude Include="EndGameScreen.h">
      <Filter>Windows\EndGameScreen</Filter>
    </ClInclude>
    <ClInclude Include="TableScores.h">
      <Filter>Windows\TableScores</Filter>
    </ClInclude>
  </ItemGroup>
  <ItemGroup>
    <None Include="ClassDiagram.cd" />
  </ItemGroup>
</Project>